
Microsoft Visual Studio Solution File, Format Version 12.00
# Visual Studio Version 16
VisualStudioVersion = 16.0.32407.337
MinimumVisualStudioVersion = 10.0.40219.1
Project("{FAE04EC0-301F-11D3-BF4B-00C04F79EFBC}") = "ToDolist", "ToDolist\ToDolist.csproj", "{500BCB31-936F-4F00-ABA2-F04A647DB88B}"
EndProject
Global
	GlobalSection(SolutionConfigurationPlatforms) = preSolution
		Debug|Any CPU = Debug|Any CPU
		Release|Any CPU = Release|Any CPU
	EndGlobalSection
	GlobalSection(ProjectConfigurationPlatforms) = postSolution
		{500BCB31-936F-4F00-ABA2-F04A647DB88B}.Debug|Any CPU.ActiveCfg = Debug|Any CPU
		{500BCB31-936F-4F00-ABA2-F04A647DB88B}.Debug|Any CPU.Build.0 = Debug|Any CPU
		{500BCB31-936F-4F00-ABA2-F04A647DB88B}.Release|Any CPU.ActiveCfg = Release|Any CPU
		{500BCB31-936F-4F00-ABA2-F04A647DB88B}.Release|Any CPU.Build.0 = Release|Any CPU
	EndGlobalSection
	GlobalSection(SolutionProperties) = preSolution
		HideSolutionNode = FALSE
	EndGlobalSection
	GlobalSection(ExtensibilityGlobals) = postSolution
		SolutionGuid = {70678995-3D34-42F0-8F92-48A57B178EE0}
	EndGlobalSection
EndGlobal
